// !$*UTF8*$!
{
	archiveVersion = 1;
	classes = {
	};
	objectVersion = 50;
	objects = {

/* Begin PBXBuildFile section */
		7A82432222B8BEE300EA9CAB /* ErrorTracking.framework in Frameworks */ = {isa = PBXBuildFile; fileRef = 7A82432122B8BEE300EA9CAB /* ErrorTracking.framework */; };
		7A82432522B8C35700EA9CAB /* WTTableViewController.m in Sources */ = {isa = PBXBuildFile; fileRef = 7A82432422B8C35700EA9CAB /* WTTableViewController.m */; };
		7A82432822B8C38E00EA9CAB /* WTCrashCase.m in Sources */ = {isa = PBXBuildFile; fileRef = 7A82432722B8C38E00EA9CAB /* WTCrashCase.m */; };
		7AE2F50522B3793D001149A0 /* AppDelegate.m in Sources */ = {isa = PBXBuildFile; fileRef = 7AE2F50422B3793D001149A0 /* AppDelegate.m */; };
		7AE2F50822B3793D001149A0 /* ViewController.m in Sources */ = {isa = PBXBuildFile; fileRef = 7AE2F50722B3793D001149A0 /* ViewController.m */; };
		7AE2F50B22B3793D001149A0 /* Main.storyboard in Resources */ = {isa = PBXBuildFile; fileRef = 7AE2F50922B3793D001149A0 /* Main.storyboard */; };
		7AE2F50D22B3793F001149A0 /* Assets.xcassets in Resources */ = {isa = PBXBuildFile; fileRef = 7AE2F50C22B3793F001149A0 /* Assets.xcassets */; };
		7AE2F51022B3793F001149A0 /* LaunchScreen.storyboard in Resources */ = {isa = PBXBuildFile; fileRef = 7AE2F50E22B3793F001149A0 /* LaunchScreen.storyboard */; };
		7AE2F51322B3793F001149A0 /* main.m in Sources */ = {isa = PBXBuildFile; fileRef = 7AE2F51222B3793F001149A0 /* main.m */; };
		7AE2F51D22B3793F001149A0 /* ErrorTrackingTests.m in Sources */ = {isa = PBXBuildFile; fileRef = 7AE2F51C22B3793F001149A0 /* ErrorTrackingTests.m */; };
		7AE2F52822B3793F001149A0 /* ErrorTrackingUITests.m in Sources */ = {isa = PBXBuildFile; fileRef = 7AE2F52722B3793F001149A0 /* ErrorTrackingUITests.m */; };
		7AE2F53922B37F06001149A0 /* SystemConfiguration.framework in Frameworks */ = {isa = PBXBuildFile; fileRef = 7AE2F53822B37F06001149A0 /* SystemConfiguration.framework */; };
		7AE2F53B22B37F0F001149A0 /* libz.tbd in Frameworks */ = {isa = PBXBuildFile; fileRef = 7AE2F53A22B37F0F001149A0 /* libz.tbd */; };
		7AE2F53D22B37F17001149A0 /* libc++.tbd in Frameworks */ = {isa = PBXBuildFile; fileRef = 7AE2F53C22B37F17001149A0 /* libc++.tbd */; };
/* End PBXBuildFile section */

/* Begin PBXContainerItemProxy section */
		7AE2F51922B3793F001149A0 /* PBXContainerItemProxy */ = {
			isa = PBXContainerItemProxy;
			containerPortal = 7AE2F4F822B3793D001149A0 /* Project object */;
			proxyType = 1;
			remoteGlobalIDString = 7AE2F4FF22B3793D001149A0;
			remoteInfo = ErrorTracking;
		};
		7AE2F52422B3793F001149A0 /* PBXContainerItemProxy */ = {
			isa = PBXContainerItemProxy;
			containerPortal = 7AE2F4F822B3793D001149A0 /* Project object */;
			proxyType = 1;
			remoteGlobalIDString = 7AE2F4FF22B3793D001149A0;
			remoteInfo = ErrorTracking;
		};
/* End PBXContainerItemProxy section */

/* Begin PBXFileReference section */
		7A82432122B8BEE300EA9CAB /* ErrorTracking.framework */ = {isa = PBXFileReference; lastKnownFileType = wrapper.framework; path = ErrorTracking.framework; sourceTree = "<group>"; };
		7A82432322B8C35700EA9CAB /* WTTableViewController.h */ = {isa = PBXFileReference; fileEncoding = 4; lastKnownFileType = sourcecode.c.h; path = WTTableViewController.h; sourceTree = "<group>"; };
		7A82432422B8C35700EA9CAB /* WTTableViewController.m */ = {isa = PBXFileReference; fileEncoding = 4; lastKnownFileType = sourcecode.c.objc; path = WTTableViewController.m; sourceTree = "<group>"; };
		7A82432622B8C38E00EA9CAB /* WTCrashCase.h */ = {isa = PBXFileReference; fileEncoding = 4; lastKnownFileType = sourcecode.c.h; path = WTCrashCase.h; sourceTree = "<group>"; };
		7A82432722B8C38E00EA9CAB /* WTCrashCase.m */ = {isa = PBXFileReference; fileEncoding = 4; lastKnownFileType = sourcecode.c.objc; path = WTCrashCase.m; sourceTree = "<group>"; };
		7AE2F50022B3793D001149A0 /* ErrorTracking.app */ = {isa = PBXFileReference; explicitFileType = wrapper.application; includeInIndex = 0; path = ErrorTracking.app; sourceTree = BUILT_PRODUCTS_DIR; };
		7AE2F50322B3793D001149A0 /* AppDelegate.h */ = {isa = PBXFileReference; lastKnownFileType = sourcecode.c.h; path = AppDelegate.h; sourceTree = "<group>"; };
		7AE2F50422B3793D001149A0 /* AppDelegate.m */ = {isa = PBXFileReference; lastKnownFileType = sourcecode.c.objc; path = AppDelegate.m; sourceTree = "<group>"; };
		7AE2F50622B3793D001149A0 /* ViewController.h */ = {isa = PBXFileReference; lastKnownFileType = sourcecode.c.h; path = ViewController.h; sourceTree = "<group>"; };
		7AE2F50722B3793D001149A0 /* ViewController.m */ = {isa = PBXFileReference; lastKnownFileType = sourcecode.c.objc; path = ViewController.m; sourceTree = "<group>"; };
		7AE2F50A22B3793D001149A0 /* Base */ = {isa = PBXFileReference; lastKnownFileType = file.storyboard; name = Base; path = Base.lproj/Main.storyboard; sourceTree = "<group>"; };
		7AE2F50C22B3793F001149A0 /* Assets.xcassets */ = {isa = PBXFileReference; lastKnownFileType = folder.assetcatalog; path = Assets.xcassets; sourceTree = "<group>"; };
		7AE2F50F22B3793F001149A0 /* Base */ = {isa = PBXFileReference; lastKnownFileType = file.storyboard; name = Base; path = Base.lproj/LaunchScreen.storyboard; sourceTree = "<group>"; };
		7AE2F51122B3793F001149A0 /* Info.plist */ = {isa = PBXFileReference; lastKnownFileType = text.plist.xml; path = Info.plist; sourceTree = "<group>"; };
		7AE2F51222B3793F001149A0 /* main.m */ = {isa = PBXFileReference; lastKnownFileType = sourcecode.c.objc; path = main.m; sourceTree = "<group>"; };
		7AE2F51822B3793F001149A0 /* ErrorTrackingTests.xctest */ = {isa = PBXFileReference; explicitFileType = wrapper.cfbundle; includeInIndex = 0; path = ErrorTrackingTests.xctest; sourceTree = BUILT_PRODUCTS_DIR; };
		7AE2F51C22B3793F001149A0 /* ErrorTrackingTests.m */ = {isa = PBXFileReference; lastKnownFileType = sourcecode.c.objc; path = ErrorTrackingTests.m; sourceTree = "<group>"; };
		7AE2F51E22B3793F001149A0 /* Info.plist */ = {isa = PBXFileReference; lastKnownFileType = text.plist.xml; path = Info.plist; sourceTree = "<group>"; };
		7AE2F52322B3793F001149A0 /* ErrorTrackingUITests.xctest */ = {isa = PBXFileReference; explicitFileType = wrapper.cfbundle; includeInIndex = 0; path = ErrorTrackingUITests.xctest; sourceTree = BUILT_PRODUCTS_DIR; };
		7AE2F52722B3793F001149A0 /* ErrorTrackingUITests.m */ = {isa = PBXFileReference; lastKnownFileType = sourcecode.c.objc; path = ErrorTrackingUITests.m; sourceTree = "<group>"; };
		7AE2F52922B3793F001149A0 /* Info.plist */ = {isa = PBXFileReference; lastKnownFileType = text.plist.xml; path = Info.plist; sourceTree = "<group>"; };
		7AE2F53822B37F06001149A0 /* SystemConfiguration.framework */ = {isa = PBXFileReference; lastKnownFileType = wrapper.framework; name = SystemConfiguration.framework; path = System/Library/Frameworks/SystemConfiguration.framework; sourceTree = SDKROOT; };
		7AE2F53A22B37F0F001149A0 /* libz.tbd */ = {isa = PBXFileReference; lastKnownFileType = "sourcecode.text-based-dylib-definition"; name = libz.tbd; path = usr/lib/libz.tbd; sourceTree = SDKROOT; };
		7AE2F53C22B37F17001149A0 /* libc++.tbd */ = {isa = PBXFileReference; lastKnownFileType = "sourcecode.text-based-dylib-definition"; name = "libc++.tbd"; path = "usr/lib/libc++.tbd"; sourceTree = SDKROOT; };
/* End PBXFileReference section */

/* Begin PBXFrameworksBuildPhase section */
		7AE2F4FD22B3793D001149A0 /* Frameworks */ = {
			isa = PBXFrameworksBuildPhase;
			buildActionMask = 2147483647;
			files = (
				7A82432222B8BEE300EA9CAB /* ErrorTracking.framework in Frameworks */,
				7AE2F53D22B37F17001149A0 /* libc++.tbd in Frameworks */,
				7AE2F53B22B37F0F001149A0 /* libz.tbd in Frameworks */,
				7AE2F53922B37F06001149A0 /* SystemConfiguration.framework in Frameworks */,
			);
			runOnlyForDeploymentPostprocessing = 0;
		};
		7AE2F51522B3793F001149A0 /* Frameworks */ = {
			isa = PBXFrameworksBuildPhase;
			buildActionMask = 2147483647;
			files = (
			);
			runOnlyForDeploymentPostprocessing = 0;
		};
		7AE2F52022B3793F001149A0 /* Frameworks */ = {
			isa = PBXFrameworksBuildPhase;
			buildActionMask = 2147483647;
			files = (
			);
			runOnlyForDeploymentPostprocessing = 0;
		};
/* End PBXFrameworksBuildPhase section */

/* Begin PBXGroup section */
		7AE2F4F722B3793D001149A0 = {
			isa = PBXGroup;
			children = (
				7A82432122B8BEE300EA9CAB /* ErrorTracking.framework */,
				7AE2F50222B3793D001149A0 /* ErrorTracking */,
				7AE2F51B22B3793F001149A0 /* ErrorTrackingTests */,
				7AE2F52622B3793F001149A0 /* ErrorTrackingUITests */,
				7AE2F50122B3793D001149A0 /* Products */,
				7AE2F53722B37F05001149A0 /* Frameworks */,
			);
			sourceTree = "<group>";
		};
		7AE2F50122B3793D001149A0 /* Products */ = {
			isa = PBXGroup;
			children = (
				7AE2F50022B3793D001149A0 /* ErrorTracking.app */,
				7AE2F51822B3793F001149A0 /* ErrorTrackingTests.xctest */,
				7AE2F52322B3793F001149A0 /* ErrorTrackingUITests.xctest */,
			);
			name = Products;
			sourceTree = "<group>";
		};
		7AE2F50222B3793D001149A0 /* ErrorTracking */ = {
			isa = PBXGroup;
			children = (
				7AE2F50322B3793D001149A0 /* AppDelegate.h */,
				7AE2F50422B3793D001149A0 /* AppDelegate.m */,
				7AE2F50622B3793D001149A0 /* ViewController.h */,
				7AE2F50722B3793D001149A0 /* ViewController.m */,
				7A82432322B8C35700EA9CAB /* WTTableViewController.h */,
				7A82432422B8C35700EA9CAB /* WTTableViewController.m */,
				7A82432622B8C38E00EA9CAB /* WTCrashCase.h */,
				7A82432722B8C38E00EA9CAB /* WTCrashCase.m */,
				7AE2F50922B3793D001149A0 /* Main.storyboard */,
				7AE2F50C22B3793F001149A0 /* Assets.xcassets */,
				7AE2F50E22B3793F001149A0 /* LaunchScreen.storyboard */,
				7AE2F51122B3793F001149A0 /* Info.plist */,
				7AE2F51222B3793F001149A0 /* main.m */,
			);
			path = ErrorTracking;
			sourceTree = "<group>";
		};
		7AE2F51B22B3793F001149A0 /* ErrorTrackingTests */ = {
			isa = PBXGroup;
			children = (
				7AE2F51C22B3793F001149A0 /* ErrorTrackingTests.m */,
				7AE2F51E22B3793F001149A0 /* Info.plist */,
			);
			path = ErrorTrackingTests;
			sourceTree = "<group>";
		};
		7AE2F52622B3793F001149A0 /* ErrorTrackingUITests */ = {
			isa = PBXGroup;
			children = (
				7AE2F52722B3793F001149A0 /* ErrorTrackingUITests.m */,
				7AE2F52922B3793F001149A0 /* Info.plist */,
			);
			path = ErrorTrackingUITests;
			sourceTree = "<group>";
		};
		7AE2F53722B37F05001149A0 /* Frameworks */ = {
			isa = PBXGroup;
			children = (
				7AE2F53C22B37F17001149A0 /* libc++.tbd */,
				7AE2F53A22B37F0F001149A0 /* libz.tbd */,
				7AE2F53822B37F06001149A0 /* SystemConfiguration.framework */,
			);
			name = Frameworks;
			sourceTree = "<group>";
		};
/* End PBXGroup section */

/* Begin PBXNativeTarget section */
		7AE2F4FF22B3793D001149A0 /* ErrorTracking */ = {
			isa = PBXNativeTarget;
			buildConfigurationList = 7AE2F52C22B3793F001149A0 /* Build configuration list for PBXNativeTarget "ErrorTracking" */;
			buildPhases = (
				7AE2F4FC22B3793D001149A0 /* Sources */,
				7AE2F4FD22B3793D001149A0 /* Frameworks */,
				7AE2F4FE22B3793D001149A0 /* Resources */,
			);
			buildRules = (
			);
			dependencies = (
			);
			name = ErrorTracking;
			productName = ErrorTracking;
			productReference = 7AE2F50022B3793D001149A0 /* ErrorTracking.app */;
			productType = "com.apple.product-type.application";
		};
		7AE2F51722B3793F001149A0 /* ErrorTrackingTests */ = {
			isa = PBXNativeTarget;
			buildConfigurationList = 7AE2F52F22B3793F001149A0 /* Build configuration list for PBXNativeTarget "ErrorTrackingTests" */;
			buildPhases = (
				7AE2F51422B3793F001149A0 /* Sources */,
				7AE2F51522B3793F001149A0 /* Frameworks */,
				7AE2F51622B3793F001149A0 /* Resources */,
			);
			buildRules = (
			);
			dependencies = (
				7AE2F51A22B3793F001149A0 /* PBXTargetDependency */,
			);
			name = ErrorTrackingTests;
			productName = ErrorTrackingTests;
			productReference = 7AE2F51822B3793F001149A0 /* ErrorTrackingTests.xctest */;
			productType = "com.apple.product-type.bundle.unit-test";
		};
		7AE2F52222B3793F001149A0 /* ErrorTrackingUITests */ = {
			isa = PBXNativeTarget;
			buildConfigurationList = 7AE2F53222B3793F001149A0 /* Build configuration list for PBXNativeTarget "ErrorTrackingUITests" */;
			buildPhases = (
				7AE2F51F22B3793F001149A0 /* Sources */,
				7AE2F52022B3793F001149A0 /* Frameworks */,
				7AE2F52122B3793F001149A0 /* Resources */,
			);
			buildRules = (
			);
			dependencies = (
				7AE2F52522B3793F001149A0 /* PBXTargetDependency */,
			);
			name = ErrorTrackingUITests;
			productName = ErrorTrackingUITests;
			productReference = 7AE2F52322B3793F001149A0 /* ErrorTrackingUITests.xctest */;
			productType = "com.apple.product-type.bundle.ui-testing";
		};
/* End PBXNativeTarget section */

/* Begin PBXProject section */
		7AE2F4F822B3793D001149A0 /* Project object */ = {
			isa = PBXProject;
			attributes = {
				LastUpgradeCheck = 1020;
				ORGANIZATIONNAME = "YC Tech";
				TargetAttributes = {
					7AE2F4FF22B3793D001149A0 = {
						CreatedOnToolsVersion = 10.2;
					};
					7AE2F51722B3793F001149A0 = {
						CreatedOnToolsVersion = 10.2;
						TestTargetID = 7AE2F4FF22B3793D001149A0;
					};
					7AE2F52222B3793F001149A0 = {
						CreatedOnToolsVersion = 10.2;
						TestTargetID = 7AE2F4FF22B3793D001149A0;
					};
				};
			};
			buildConfigurationList = 7AE2F4FB22B3793D001149A0 /* Build configuration list for PBXProject "ErrorTracking" */;
			compatibilityVersion = "Xcode 9.3";
			developmentRegion = en;
			hasScannedForEncodings = 0;
			knownRegions = (
				en,
				Base,
			);
			mainGroup = 7AE2F4F722B3793D001149A0;
			productRefGroup = 7AE2F50122B3793D001149A0 /* Products */;
			projectDirPath = "";
			projectRoot = "";
			targets = (
				7AE2F4FF22B3793D001149A0 /* ErrorTracking */,
				7AE2F51722B3793F001149A0 /* ErrorTrackingTests */,
				7AE2F52222B3793F001149A0 /* ErrorTrackingUITests */,
			);
		};
/* End PBXProject section */

/* Begin PBXResourcesBuildPhase section */
		7AE2F4FE22B3793D001149A0 /* Resources */ = {
			isa = PBXResourcesBuildPhase;
			buildActionMask = 2147483647;
			files = (
				7AE2F51022B3793F001149A0 /* LaunchScreen.storyboard in Resources */,
				7AE2F50D22B3793F001149A0 /* Assets.xcassets in Resources */,
				7AE2F50B22B3793D001149A0 /* Main.storyboard in Resources */,
			);
			runOnlyForDeploymentPostprocessing = 0;
		};
		7AE2F51622B3793F001149A0 /* Resources */ = {
			isa = PBXResourcesBuildPhase;
			buildActionMask = 2147483647;
			files = (
			);
			runOnlyForDeploymentPostprocessing = 0;
		};
		7AE2F52122B3793F001149A0 /* Resources */ = {
			isa = PBXResourcesBuildPhase;
			buildActionMask = 2147483647;
			files = (
			);
			runOnlyForDeploymentPostprocessing = 0;
		};
/* End PBXResourcesBuildPhase section */

/* Begin PBXSourcesBuildPhase section */
		7AE2F4FC22B3793D001149A0 /* Sources */ = {
			isa = PBXSourcesBuildPhase;
			buildActionMask = 2147483647;
			files = (
				7A82432522B8C35700EA9CAB /* WTTableViewController.m in Sources */,
				7A82432822B8C38E00EA9CAB /* WTCrashCase.m in Sources */,
				7AE2F50822B3793D001149A0 /* ViewController.m in Sources */,
				7AE2F51322B3793F001149A0 /* main.m in Sources */,
				7AE2F50522B3793D001149A0 /* AppDelegate.m in Sources */,
			);
			runOnlyForDeploymentPostprocessing = 0;
		};
		7AE2F51422B3793F001149A0 /* Sources */ = {
			isa = PBXSourcesBuildPhase;
			buildActionMask = 2147483647;
			files = (
				7AE2F51D22B3793F001149A0 /* ErrorTrackingTests.m in Sources */,
			);
			runOnlyForDeploymentPostprocessing = 0;
		};
		7AE2F51F22B3793F001149A0 /* Sources */ = {
			isa = PBXSourcesBuildPhase;
			buildActionMask = 2147483647;
			files = (
				7AE2F52822B3793F001149A0 /* ErrorTrackingUITests.m in Sources */,
			);
			runOnlyForDeploymentPostprocessing = 0;
		};
/* End PBXSourcesBuildPhase section */

/* Begin PBXTargetDependency section */
		7AE2F51A22B3793F001149A0 /* PBXTargetDependency */ = {
			isa = PBXTargetDependency;
			target = 7AE2F4FF22B3793D001149A0 /* ErrorTracking */;
			targetProxy = 7AE2F51922B3793F001149A0 /* PBXContainerItemProxy */;
		};
		7AE2F52522B3793F001149A0 /* PBXTargetDependency */ = {
			isa = PBXTargetDependency;
			target = 7AE2F4FF22B3793D001149A0 /* ErrorTracking */;
			targetProxy = 7AE2F52422B3793F001149A0 /* PBXContainerItemProxy */;
		};
/* End PBXTargetDependency section */

/* Begin PBXVariantGroup section */
		7AE2F50922B3793D001149A0 /* Main.storyboard */ = {
			isa = PBXVariantGroup;
			children = (
				7AE2F50A22B3793D001149A0 /* Base */,
			);
			name = Main.storyboard;
			sourceTree = "<group>";
		};
		7AE2F50E22B3793F001149A0 /* LaunchScreen.storyboard */ = {
			isa = PBXVariantGroup;
			children = (
				7AE2F50F22B3793F001149A0 /* Base */,
			);
			name = LaunchScreen.storyboard;
			sourceTree = "<group>";
		};
/* End PBXVariantGroup section */

/* Begin XCBuildConfiguration section */
		7AE2F52A22B3793F001149A0 /* Debug */ = {
			isa = XCBuildConfiguration;
			buildSettings = {
				ALWAYS_SEARCH_USER_PATHS = NO;
				CLANG_ANALYZER_NONNULL = YES;
				CLANG_ANALYZER_NUMBER_OBJECT_CONVERSION = YES_AGGRESSIVE;
				CLANG_CXX_LANGUAGE_STANDARD = "gnu++14";
				CLANG_CXX_LIBRARY = "libc++";
				CLANG_ENABLE_MODULES = YES;
				CLANG_ENABLE_OBJC_ARC = YES;
				CLANG_ENABLE_OBJC_WEAK = YES;
				CLANG_WARN_BLOCK_CAPTURE_AUTORELEASING = YES;
				CLANG_WARN_BOOL_CONVERSION = YES;
				CLANG_WARN_COMMA = YES;
				CLANG_WARN_CONSTANT_CONVERSION = YES;
				CLANG_WARN_DEPRECATED_OBJC_IMPLEMENTATIONS = YES;
				CLANG_WARN_DIRECT_OBJC_ISA_USAGE = YES_ERROR;
				CLANG_WARN_DOCUMENTATION_COMMENTS = YES;
				CLANG_WARN_EMPTY_BODY = YES;
				CLANG_WARN_ENUM_CONVERSION = YES;
				CLANG_WARN_INFINITE_RECURSION = YES;
				CLANG_WARN_INT_CONVERSION = YES;
				CLANG_WARN_NON_LITERAL_NULL_CONVERSION = YES;
				CLANG_WARN_OBJC_IMPLICIT_RETAIN_SELF = YES;
				CLANG_WARN_OBJC_LITERAL_CONVERSION = YES;
				CLANG_WARN_OBJC_ROOT_CLASS = YES_ERROR;
				CLANG_WARN_RANGE_LOOP_ANALYSIS = YES;
				CLANG_WARN_STRICT_PROTOTYPES = YES;
				CLANG_WARN_SUSPICIOUS_MOVE = YES;
				CLANG_WARN_UNGUARDED_AVAILABILITY = YES_AGGRESSIVE;
				CLANG_WARN_UNREACHABLE_CODE = YES;
				CLANG_WARN__DUPLICATE_METHOD_MATCH = YES;
				CODE_SIGN_IDENTITY = "iPhone Developer";
				COPY_PHASE_STRIP = NO;
				DEBUG_INFORMATION_FORMAT = dwarf;
				ENABLE_STRICT_OBJC_MSGSEND = YES;
				ENABLE_TESTABILITY = YES;
				GCC_C_LANGUAGE_STANDARD = gnu11;
				GCC_DYNAMIC_NO_PIC = NO;
				GCC_NO_COMMON_BLOCKS = YES;
				GCC_OPTIMIZATION_LEVEL = 0;
				GCC_PREPROCESSOR_DEFINITIONS = (
					"DEBUG=1",
					"$(inherited)",
				);
				GCC_WARN_64_TO_32_BIT_CONVERSION = YES;
				GCC_WARN_ABOUT_RETURN_TYPE = YES_ERROR;
				GCC_WARN_UNDECLARED_SELECTOR = YES;
				GCC_WARN_UNINITIALIZED_AUTOS = YES_AGGRESSIVE;
				GCC_WARN_UNUSED_FUNCTION = YES;
				GCC_WARN_UNUSED_VARIABLE = YES;
				IPHONEOS_DEPLOYMENT_TARGET = 12.2;
				MTL_ENABLE_DEBUG_INFO = INCLUDE_SOURCE;
				MTL_FAST_MATH = YES;
				ONLY_ACTIVE_ARCH = YES;
				SDKROOT = iphoneos;
			};
			name = Debug;
		};
		7AE2F52B22B3793F001149A0 /* Release */ = {
			isa = XCBuildConfiguration;
			buildSettings = {
				ALWAYS_SEARCH_USER_PATHS = NO;
				CLANG_ANALYZER_NONNULL = YES;
				CLANG_ANALYZER_NUMBER_OBJECT_CONVERSION = YES_AGGRESSIVE;
				CLANG_CXX_LANGUAGE_STANDARD = "gnu++14";
				CLANG_CXX_LIBRARY = "libc++";
				CLANG_ENABLE_MODULES = YES;
				CLANG_ENABLE_OBJC_ARC = YES;
				CLANG_ENABLE_OBJC_WEAK = YES;
				CLANG_WARN_BLOCK_CAPTURE_AUTORELEASING = YES;
				CLANG_WARN_BOOL_CONVERSION = YES;
				CLANG_WARN_COMMA = YES;
				CLANG_WARN_CONSTANT_CONVERSION = YES;
				CLANG_WARN_DEPRECATED_OBJC_IMPLEMENTATIONS = YES;
				CLANG_WARN_DIRECT_OBJC_ISA_USAGE = YES_ERROR;
				CLANG_WARN_DOCUMENTATION_COMMENTS = YES;
				CLANG_WARN_EMPTY_BODY = YES;
				CLANG_WARN_ENUM_CONVERSION = YES;
				CLANG_WARN_INFINITE_RECURSION = YES;
				CLANG_WARN_INT_CONVERSION = YES;
				CLANG_WARN_NON_LITERAL_NULL_CONVERSION = YES;
				CLANG_WARN_OBJC_IMPLICIT_RETAIN_SELF = YES;
				CLANG_WARN_OBJC_LITERAL_CONVERSION = YES;
				CLANG_WARN_OBJC_ROOT_CLASS = YES_ERROR;
				CLANG_WARN_RANGE_LOOP_ANALYSIS = YES;
				CLANG_WARN_STRICT_PROTOTYPES = YES;
				CLANG_WARN_SUSPICIOUS_MOVE = YES;
				CLANG_WARN_UNGUARDED_AVAILABILITY = YES_AGGRESSIVE;
				CLANG_WARN_UNREACHABLE_CODE = YES;
				CLANG_WARN__DUPLICATE_METHOD_MATCH = YES;
				CODE_SIGN_IDENTITY = "iPhone Developer";
				COPY_PHASE_STRIP = NO;
				DEBUG_INFORMATION_FORMAT = "dwarf-with-dsym";
				ENABLE_NS_ASSERTIONS = NO;
				ENABLE_STRICT_OBJC_MSGSEND = YES;
				GCC_C_LANGUAGE_STANDARD = gnu11;
				GCC_NO_COMMON_BLOCKS = YES;
				GCC_WARN_64_TO_32_BIT_CONVERSION = YES;
				GCC_WARN_ABOUT_RETURN_TYPE = YES_ERROR;
				GCC_WARN_UNDECLARED_SELECTOR = YES;
				GCC_WARN_UNINITIALIZED_AUTOS = YES_AGGRESSIVE;
				GCC_WARN_UNUSED_FUNCTION = YES;
				GCC_WARN_UNUSED_VARIABLE = YES;
				IPHONEOS_DEPLOYMENT_TARGET = 12.2;
				MTL_ENABLE_DEBUG_INFO = NO;
				MTL_FAST_MATH = YES;
				SDKROOT = iphoneos;
				VALIDATE_PRODUCT = YES;
			};
			name = Release;
		};
		7AE2F52D22B3793F001149A0 /* Debug */ = {
			isa = XCBuildConfiguration;
			buildSettings = {
				ASSETCATALOG_COMPILER_APPICON_NAME = AppIcon;
				CODE_SIGN_STYLE = Automatic;
				DEVELOPMENT_TEAM = GE35PAF7XQ;
				FRAMEWORK_SEARCH_PATHS = (
					"$(inherited)",
					"$(PROJECT_DIR)",
				);
				INFOPLIST_FILE = ErrorTracking/Info.plist;
				IPHONEOS_DEPLOYMENT_TARGET = 9.0;
				LD_RUNPATH_SEARCH_PATHS = (
					"$(inherited)",
					"@executable_path/Frameworks",
				);
				PRODUCT_BUNDLE_IDENTIFIER = com.yctech.ErrorTracking;
				PRODUCT_NAME = "$(TARGET_NAME)";
				TARGETED_DEVICE_FAMILY = "1,2";
			};
			name = Debug;
		};
		7AE2F52E22B3793F001149A0 /* Release */ = {
			isa = XCBuildConfiguration;
			buildSettings = {
				ASSETCATALOG_COMPILER_APPICON_NAME = AppIcon;
				CODE_SIGN_STYLE = Automatic;
				DEVELOPMENT_TEAM = GE35PAF7XQ;
				FRAMEWORK_SEARCH_PATHS = (
					"$(inherited)",
					"$(PROJECT_DIR)",
				);
				INFOPLIST_FILE = ErrorTracking/Info.plist;
				IPHONEOS_DEPLOYMENT_TARGET = 9.0;
				LD_RUNPATH_SEARCH_PATHS = (
					"$(inherited)",
					"@executable_path/Frameworks",
				);
				PRODUCT_BUNDLE_IDENTIFIER = com.yctech.ErrorTracking;
				PRODUCT_NAME = "$(TARGET_NAME)";
				TARGETED_DEVICE_FAMILY = "1,2";
			};
			name = Release;
		};
		7AE2F53022B3793F001149A0 /* Debug */ = {
			isa = XCBuildConfiguration;
			buildSettings = {
				BUNDLE_LOADER = "$(TEST_HOST)";
				CODE_SIGN_STYLE = Automatic;
				DEVELOPMENT_TEAM = GE35PAF7XQ;
				INFOPLIST_FILE = ErrorTrackingTests/Info.plist;
				LD_RUNPATH_SEARCH_PATHS = (
					"$(inherited)",
					"@executable_path/Frameworks",
					"@loader_path/Frameworks",
				);
				PRODUCT_BUNDLE_IDENTIFIER = com.yctech.ErrorTrackingTests;
				PRODUCT_NAME = "$(TARGET_NAME)";
				TARGETED_DEVICE_FAMILY = "1,2";
				TEST_HOST = "$(BUILT_PRODUCTS_DIR)/ErrorTracking.app/ErrorTracking";
			};
			name = Debug;
		};
		7AE2F53122B3793F001149A0 /* Release */ = {
			isa = XCBuildConfiguration;
			buildSettings = {
				BUNDLE_LOADER = "$(TEST_HOST)";
				CODE_SIGN_STYLE = Automatic;
				DEVELOPMENT_TEAM = GE35PAF7XQ;
				INFOPLIST_FILE = ErrorTrackingTests/Info.plist;
				LD_RUNPATH_SEARCH_PATHS = (
					"$(inherited)",
					"@executable_path/Frameworks",
					"@loader_path/Frameworks",
				);
				PRODUCT_BUNDLE_IDENTIFIER = com.yctech.ErrorTrackingTests;
				PRODUCT_NAME = "$(TARGET_NAME)";
				TARGETED_DEVICE_FAMILY = "1,2";
				TEST_HOST = "$(BUILT_PRODUCTS_DIR)/ErrorTracking.app/ErrorTracking";
			};
			name = Release;
		};
		7AE2F53322B3793F001149A0 /* Debug */ = {
			isa = XCBuildConfiguration;
			buildSettings = {
				CODE_SIGN_STYLE = Automatic;
				DEVELOPMENT_TEAM = GE35PAF7XQ;
				INFOPLIST_FILE = ErrorTrackingUITests/Info.plist;
				LD_RUNPATH_SEARCH_PATHS = (
					"$(inherited)",
					"@executable_path/Frameworks",
					"@loader_path/Frameworks",
				);
				PRODUCT_BUNDLE_IDENTIFIER = com.yctech.ErrorTrackingUITests;
				PRODUCT_NAME = "$(TARGET_NAME)";
				TARGETED_DEVICE_FAMILY = "1,2";
				TEST_TARGET_NAME = ErrorTracking;
			};
			name = Debug;
		};
		7AE2F53422B3793F001149A0 /* Release */ = {
			isa = XCBuildConfiguration;
			buildSettings = {
				CODE_SIGN_STYLE = Automatic;
				DEVELOPMENT_TEAM = GE35PAF7XQ;
				INFOPLIST_FILE = ErrorTrackingUITests/Info.plist;
				LD_RUNPATH_SEARCH_PATHS = (
					"$(inherited)",
					"@executable_path/Frameworks",
					"@loader_path/Frameworks",
				);
				PRODUCT_BUNDLE_IDENTIFIER = com.yctech.ErrorTrackingUITests;
				PRODUCT_NAME = "$(TARGET_NAME)";
				TARGETED_DEVICE_FAMILY = "1,2";
				TEST_TARGET_NAME = ErrorTracking;
			};
			name = Release;
		};
/* End XCBuildConfiguration section */

/* Begin XCConfigurationList section */
		7AE2F4FB22B3793D001149A0 /* Build configuration list for PBXProject "ErrorTracking" */ = {
			isa = XCConfigurationList;
			buildConfigurations = (
				7AE2F52A22B3793F001149A0 /* Debug */,
				7AE2F52B22B3793F001149A0 /* Release */,
			);
			defaultConfigurationIsVisible = 0;
			defaultConfigurationName = Release;
		};
		7AE2F52C22B3793F001149A0 /* Build configuration list for PBXNativeTarget "ErrorTracking" */ = {
			isa = XCConfigurationList;
			buildConfigurations = (
				7AE2F52D22B3793F001149A0 /* Debug */,
				7AE2F52E22B3793F001149A0 /* Release */,
			);
			defaultConfigurationIsVisible = 0;
			defaultConfigurationName = Release;
		};
		7AE2F52F22B3793F001149A0 /* Build configuration list for PBXNativeTarget "ErrorTrackingTests" */ = {
			isa = XCConfigurationList;
			buildConfigurations = (
				7AE2F53022B3793F001149A0 /* Debug */,
				7AE2F53122B3793F001149A0 /* Release */,
			);
			defaultConfigurationIsVisible = 0;
			defaultConfigurationName = Release;
		};
		7AE2F53222B3793F001149A0 /* Build configuration list for PBXNativeTarget "ErrorTrackingUITests" */ = {
			isa = XCConfigurationList;
			buildConfigurations = (
				7AE2F53322B3793F001149A0 /* Debug */,
				7AE2F53422B3793F001149A0 /* Release */,
			);
			defaultConfigurationIsVisible = 0;
			defaultConfigurationName = Release;
		};
/* End XCConfigurationList section */
	};
	rootObject = 7AE2F4F822B3793D001149A0 /* Project object */;
}
